
Microsoft Visual Studio Solution File, Format Version 12.00
# Visual Studio Version 17
VisualStudioVersion = 17.8.34330.188
MinimumVisualStudioVersion = 10.0.40219.1
Project("{9A19103F-16F7-4668-BE54-9A1E7A4F7556}") = "inventoryMSLogic", "..\inventoryMSLogic\inventoryMSLogic\inventoryMSLogic.csproj", "{15399610-949D-4EFC-9DB1-F23A3F17A56D}"
EndProject
Project("{9A19103F-16F7-4668-BE54-9A1E7A4F7556}") = "inventoryMSCli", "..\inventoryMSCli\inventoryMSCli\inventoryMSCli.csproj", "{C05EC1FA-6DA6-40F2-AF2B-0A0E7200FC17}"
EndProject
Project("{FAE04EC0-301F-11D3-BF4B-00C04F79EFBC}") = "inventoryMSApi", "..\inventoryMSApi\inventoryMSApi.csproj", "{F7B3B5C7-E5AA-40E0-A14F-3D9C7FBF8242}"
EndProject
Global
	GlobalSection(SolutionConfigurationPlatforms) = preSolution
		Debug|Any CPU = Debug|Any CPU
		Release|Any CPU = Release|Any CPU
	EndGlobalSection
	GlobalSection(ProjectConfigurationPlatforms) = postSolution
		{15399610-949D-4EFC-9DB1-F23A3F17A56D}.Debug|Any CPU.ActiveCfg = Debug|Any CPU
		{15399610-949D-4EFC-9DB1-F23A3F17A56D}.Debug|Any CPU.Build.0 = Debug|Any CPU
		{15399610-949D-4EFC-9DB1-F23A3F17A56D}.Release|Any CPU.ActiveCfg = Release|Any CPU
		{15399610-949D-4EFC-9DB1-F23A3F17A56D}.Release|Any CPU.Build.0 = Release|Any CPU
		{C05EC1FA-6DA6-40F2-AF2B-0A0E7200FC17}.Debug|Any CPU.ActiveCfg = Debug|Any CPU
		{C05EC1FA-6DA6-40F2-AF2B-0A0E7200FC17}.Debug|Any CPU.Build.0 = Debug|Any CPU
		{C05EC1FA-6DA6-40F2-AF2B-0A0E7200FC17}.Release|Any CPU.ActiveCfg = Release|Any CPU
		{C05EC1FA-6DA6-40F2-AF2B-0A0E7200FC17}.Release|Any CPU.Build.0 = Release|Any CPU
		{F7B3B5C7-E5AA-40E0-A14F-3D9C7FBF8242}.Debug|Any CPU.ActiveCfg = Debug|Any CPU
		{F7B3B5C7-E5AA-40E0-A14F-3D9C7FBF8242}.Debug|Any CPU.Build.0 = Debug|Any CPU
		{F7B3B5C7-E5AA-40E0-A14F-3D9C7FBF8242}.Release|Any CPU.ActiveCfg = Release|Any CPU
		{F7B3B5C7-E5AA-40E0-A14F-3D9C7FBF8242}.Release|Any CPU.Build.0 = Release|Any CPU
	EndGlobalSection
	GlobalSection(SolutionProperties) = preSolution
		HideSolutionNode = FALSE
	EndGlobalSection
	GlobalSection(ExtensibilityGlobals) = postSolution
		SolutionGuid = {1E27358D-EFE9-413A-92BF-2CD5EF1DFD14}
	EndGlobalSection
EndGlobal
